
Microsoft Visual Studio Solution File, Format Version 12.00
# Visual Studio Version 16
VisualStudioVersion = 16.0.30204.135
MinimumVisualStudioVersion = 10.0.40219.1
Project("{FAE04EC0-301F-11D3-BF4B-00C04F79EFBC}") = "Server", "Server\Server.csproj", "{C98CD69E-23BE-4627-93AB-F32EEE880951}"
EndProject
Project("{FAE04EC0-301F-11D3-BF4B-00C04F79EFBC}") = "Client", "Client\Client.csproj", "{8DC13307-B5BF-4FD2-9FC0-9F0667B8C74F}"
EndProject
Project("{FAE04EC0-301F-11D3-BF4B-00C04F79EFBC}") = "Admin", "Admin\Admin.csproj", "{35DC61D5-98CF-4E2A-8EA1-4DF5C21D9903}"
EndProject
Global
	GlobalSection(SolutionConfigurationPlatforms) = preSolution
		Debug|Any CPU = Debug|Any CPU
		Release|Any CPU = Release|Any CPU
	EndGlobalSection
	GlobalSection(ProjectConfigurationPlatforms) = postSolution
		{C98CD69E-23BE-4627-93AB-F32EEE880951}.Debug|Any CPU.ActiveCfg = Debug|Any CPU
		{C98CD69E-23BE-4627-93AB-F32EEE880951}.Debug|Any CPU.Build.0 = Debug|Any CPU
		{C98CD69E-23BE-4627-93AB-F32EEE880951}.Release|Any CPU.ActiveCfg = Release|Any CPU
		{C98CD69E-23BE-4627-93AB-F32EEE880951}.Release|Any CPU.Build.0 = Release|Any CPU
		{8DC13307-B5BF-4FD2-9FC0-9F0667B8C74F}.Debug|Any CPU.ActiveCfg = Debug|Any CPU
		{8DC13307-B5BF-4FD2-9FC0-9F0667B8C74F}.Debug|Any CPU.Build.0 = Debug|Any CPU
		{8DC13307-B5BF-4FD2-9FC0-9F0667B8C74F}.Release|Any CPU.ActiveCfg = Release|Any CPU
		{8DC13307-B5BF-4FD2-9FC0-9F0667B8C74F}.Release|Any CPU.Build.0 = Release|Any CPU
		{35DC61D5-98CF-4E2A-8EA1-4DF5C21D9903}.Debug|Any CPU.ActiveCfg = Debug|Any CPU
		{35DC61D5-98CF-4E2A-8EA1-4DF5C21D9903}.Debug|Any CPU.Build.0 = Debug|Any CPU
		{35DC61D5-98CF-4E2A-8EA1-4DF5C21D9903}.Release|Any CPU.ActiveCfg = Release|Any CPU
		{35DC61D5-98CF-4E2A-8EA1-4DF5C21D9903}.Release|Any CPU.Build.0 = Release|Any CPU
	EndGlobalSection
	GlobalSection(SolutionProperties) = preSolution
		HideSolutionNode = FALSE
	EndGlobalSection
	GlobalSection(ExtensibilityGlobals) = postSolution
		SolutionGuid = {31FC286C-8F88-4CC5-BB02-D229CCA45398}
	EndGlobalSection
EndGlobal
